// !$*UTF8*$!
{
	archiveVersion = 1;
	classes = {
	};
	objectVersion = 55;
	objects = {

/* Begin PBXBuildFile section */
		270AD9E72973E4B00090F555 /* SplashView.swift in Sources */ = {isa = PBXBuildFile; fileRef = 270AD9E62973E4B00090F555 /* SplashView.swift */; };
		271C8F5927C27BC7004BCD02 /* HambaApp.swift in Sources */ = {isa = PBXBuildFile; fileRef = 271C8F5827C27BC7004BCD02 /* HambaApp.swift */; };
		271C8F5B27C27BC7004BCD02 /* ContentView.swift in Sources */ = {isa = PBXBuildFile; fileRef = 271C8F5A27C27BC7004BCD02 /* ContentView.swift */; };
		271C8F6027C27BC8004BCD02 /* Preview Assets.xcassets in Resources */ = {isa = PBXBuildFile; fileRef = 271C8F5F27C27BC8004BCD02 /* Preview Assets.xcassets */; };
		271C8F6A27C27BC8004BCD02 /* HambaTests.swift in Sources */ = {isa = PBXBuildFile; fileRef = 271C8F6927C27BC8004BCD02 /* HambaTests.swift */; };
		271C8F7427C27BC8004BCD02 /* HambaUITests.swift in Sources */ = {isa = PBXBuildFile; fileRef = 271C8F7327C27BC8004BCD02 /* HambaUITests.swift */; };
		271C8F7627C27BC8004BCD02 /* HambaUITestsLaunchTests.swift in Sources */ = {isa = PBXBuildFile; fileRef = 271C8F7527C27BC8004BCD02 /* HambaUITestsLaunchTests.swift */; };
		2756DFD327D8DEDD00A2DD98 /* MapViewModel.swift in Sources */ = {isa = PBXBuildFile; fileRef = 2756DFD227D8DEDD00A2DD98 /* MapViewModel.swift */; };
		277CA04628DBD98100A397B6 /* Assets.xcassets in Resources */ = {isa = PBXBuildFile; fileRef = 277CA04528DBD98000A397B6 /* Assets.xcassets */; };
		277CA7A228B9FE6C00893757 /* modelForSpots.swift in Sources */ = {isa = PBXBuildFile; fileRef = 277CA7A128B9FE6C00893757 /* modelForSpots.swift */; };
		277E01E22A3C79460014E325 /* mainNavBar.swift in Sources */ = {isa = PBXBuildFile; fileRef = 277E01E12A3C79460014E325 /* mainNavBar.swift */; };
		27EEAAE62A025F12005779C1 /* playSound.swift in Sources */ = {isa = PBXBuildFile; fileRef = 27EEAAE52A025F12005779C1 /* playSound.swift */; };
		27EEAAEA2A0261A8005779C1 /* focus-loop-corporate-music-114297.mp3 in Resources */ = {isa = PBXBuildFile; fileRef = 27EEAAE92A0261A8005779C1 /* focus-loop-corporate-music-114297.mp3 */; };
		45E81DA02B7E39C2008008F5 /* MapView.swift in Sources */ = {isa = PBXBuildFile; fileRef = 45E81D9F2B7E39C2008008F5 /* MapView.swift */; };
		45E81DA22B7E3A1B008008F5 /* mainMap.swift in Sources */ = {isa = PBXBuildFile; fileRef = 45E81DA12B7E3A1B008008F5 /* mainMap.swift */; };
		45E81DA52B7E3A9E008008F5 /* View+Navigation.swift in Sources */ = {isa = PBXBuildFile; fileRef = 45E81DA42B7E3A9E008008F5 /* View+Navigation.swift */; };
		45E81DA72B7E4077008008F5 /* mapStyleButton.swift in Sources */ = {isa = PBXBuildFile; fileRef = 45E81DA62B7E4077008008F5 /* mapStyleButton.swift */; };
/* End PBXBuildFile section */

/* Begin PBXContainerItemProxy section */
		271C8F6627C27BC8004BCD02 /* PBXContainerItemProxy */ = {
			isa = PBXContainerItemProxy;
			containerPortal = 271C8F4D27C27BC7004BCD02 /* Project object */;
			proxyType = 1;
			remoteGlobalIDString = 271C8F5427C27BC7004BCD02;
			remoteInfo = Hamba;
		};
		271C8F7027C27BC8004BCD02 /* PBXContainerItemProxy */ = {
			isa = PBXContainerItemProxy;
			containerPortal = 271C8F4D27C27BC7004BCD02 /* Project object */;
			proxyType = 1;
			remoteGlobalIDString = 271C8F5427C27BC7004BCD02;
			remoteInfo = Hamba;
		};
/* End PBXContainerItemProxy section */

/* Begin PBXFileReference section */
		270AD9E62973E4B00090F555 /* SplashView.swift */ = {isa = PBXFileReference; lastKnownFileType = sourcecode.swift; path = SplashView.swift; sourceTree = "<group>"; };
		271C8F5527C27BC7004BCD02 /* Hamba.app */ = {isa = PBXFileReference; explicitFileType = wrapper.application; includeInIndex = 0; path = Hamba.app; sourceTree = BUILT_PRODUCTS_DIR; };
		271C8F5827C27BC7004BCD02 /* HambaApp.swift */ = {isa = PBXFileReference; lastKnownFileType = sourcecode.swift; path = HambaApp.swift; sourceTree = "<group>"; };
		271C8F5A27C27BC7004BCD02 /* ContentView.swift */ = {isa = PBXFileReference; lastKnownFileType = sourcecode.swift; path = ContentView.swift; sourceTree = "<group>"; };
		271C8F5F27C27BC8004BCD02 /* Preview Assets.xcassets */ = {isa = PBXFileReference; lastKnownFileType = folder.assetcatalog; path = "Preview Assets.xcassets"; sourceTree = "<group>"; };
		271C8F6527C27BC8004BCD02 /* HambaTests.xctest */ = {isa = PBXFileReference; explicitFileType = wrapper.cfbundle; includeInIndex = 0; path = HambaTests.xctest; sourceTree = BUILT_PRODUCTS_DIR; };
		271C8F6927C27BC8004BCD02 /* HambaTests.swift */ = {isa = PBXFileReference; lastKnownFileType = sourcecode.swift; path = HambaTests.swift; sourceTree = "<group>"; };
		271C8F6F27C27BC8004BCD02 /* HambaUITests.xctest */ = {isa = PBXFileReference; explicitFileType = wrapper.cfbundle; includeInIndex = 0; path = HambaUITests.xctest; sourceTree = BUILT_PRODUCTS_DIR; };
		271C8F7327C27BC8004BCD02 /* HambaUITests.swift */ = {isa = PBXFileReference; lastKnownFileType = sourcecode.swift; path = HambaUITests.swift; sourceTree = "<group>"; };
		271C8F7527C27BC8004BCD02 /* HambaUITestsLaunchTests.swift */ = {isa = PBXFileReference; lastKnownFileType = sourcecode.swift; path = HambaUITestsLaunchTests.swift; sourceTree = "<group>"; };
		2756DFD227D8DEDD00A2DD98 /* MapViewModel.swift */ = {isa = PBXFileReference; lastKnownFileType = sourcecode.swift; path = MapViewModel.swift; sourceTree = "<group>"; };
		277CA04528DBD98000A397B6 /* Assets.xcassets */ = {isa = PBXFileReference; lastKnownFileType = folder.assetcatalog; name = Assets.xcassets; path = Hamba/Assets.xcassets; sourceTree = SOURCE_ROOT; };
		277CA7A128B9FE6C00893757 /* modelForSpots.swift */ = {isa = PBXFileReference; lastKnownFileType = sourcecode.swift; path = modelForSpots.swift; sourceTree = "<group>"; };
		277E01E12A3C79460014E325 /* mainNavBar.swift */ = {isa = PBXFileReference; lastKnownFileType = sourcecode.swift; path = mainNavBar.swift; sourceTree = "<group>"; };
		27B90EFF2A4D84AD009621C5 /* Hamba.entitlements */ = {isa = PBXFileReference; lastKnownFileType = text.plist.entitlements; path = Hamba.entitlements; sourceTree = "<group>"; };
		27E05EE32A9B83580064CB57 /* Info.plist */ = {isa = PBXFileReference; lastKnownFileType = text.plist; path = Info.plist; sourceTree = "<group>"; };
		27EEAAE52A025F12005779C1 /* playSound.swift */ = {isa = PBXFileReference; lastKnownFileType = sourcecode.swift; path = playSound.swift; sourceTree = "<group>"; };
		27EEAAE92A0261A8005779C1 /* focus-loop-corporate-music-114297.mp3 */ = {isa = PBXFileReference; lastKnownFileType = audio.mp3; path = "focus-loop-corporate-music-114297.mp3"; sourceTree = "<group>"; };
		45E81D9F2B7E39C2008008F5 /* MapView.swift */ = {isa = PBXFileReference; lastKnownFileType = sourcecode.swift; path = MapView.swift; sourceTree = "<group>"; };
		45E81DA12B7E3A1B008008F5 /* mainMap.swift */ = {isa = PBXFileReference; lastKnownFileType = sourcecode.swift; path = mainMap.swift; sourceTree = "<group>"; };
		45E81DA42B7E3A9E008008F5 /* View+Navigation.swift */ = {isa = PBXFileReference; lastKnownFileType = sourcecode.swift; path = "View+Navigation.swift"; sourceTree = "<group>"; };
		45E81DA62B7E4077008008F5 /* mapStyleButton.swift */ = {isa = PBXFileReference; lastKnownFileType = sourcecode.swift; path = mapStyleButton.swift; sourceTree = "<group>"; };
/* End PBXFileReference section */

/* Begin PBXFrameworksBuildPhase section */
		271C8F5227C27BC7004BCD02 /* Frameworks */ = {
			isa = PBXFrameworksBuildPhase;
			buildActionMask = 2147483647;
			files = (
			);
			runOnlyForDeploymentPostprocessing = 0;
		};
		271C8F6227C27BC8004BCD02 /* Frameworks */ = {
			isa = PBXFrameworksBuildPhase;
			buildActionMask = 2147483647;
			files = (
			);
			runOnlyForDeploymentPostprocessing = 0;
		};
		271C8F6C27C27BC8004BCD02 /* Frameworks */ = {
			isa = PBXFrameworksBuildPhase;
			buildActionMask = 2147483647;
			files = (
			);
			runOnlyForDeploymentPostprocessing = 0;
		};
/* End PBXFrameworksBuildPhase section */

/* Begin PBXGroup section */
		271C8F4C27C27BC7004BCD02 = {
			isa = PBXGroup;
			children = (
				271C8F5727C27BC7004BCD02 /* Hamba */,
				271C8F6827C27BC8004BCD02 /* HambaTests */,
				271C8F7227C27BC8004BCD02 /* HambaUITests */,
				271C8F5627C27BC7004BCD02 /* Products */,
			);
			sourceTree = "<group>";
		};
		271C8F5627C27BC7004BCD02 /* Products */ = {
			isa = PBXGroup;
			children = (
				271C8F5527C27BC7004BCD02 /* Hamba.app */,
				271C8F6527C27BC8004BCD02 /* HambaTests.xctest */,
				271C8F6F27C27BC8004BCD02 /* HambaUITests.xctest */,
			);
			name = Products;
			sourceTree = "<group>";
		};
		271C8F5727C27BC7004BCD02 /* Hamba */ = {
			isa = PBXGroup;
			children = (
				27E05EE32A9B83580064CB57 /* Info.plist */,
				27B90EFF2A4D84AD009621C5 /* Hamba.entitlements */,
				271C8F5827C27BC7004BCD02 /* HambaApp.swift */,
				277CA7A028B9FD8900893757 /* Model */,
				277CA7A328B9FF0A00893757 /* ViewModel */,
				277CA79F28B9FD7500893757 /* View */,
				27EEAAE72A025F16005779C1 /* Helpers */,
				45E81DA32B7E3A62008008F5 /* Extensions */,
				271C8F5E27C27BC8004BCD02 /* Preview Content */,
				27EEAAE82A026191005779C1 /* Sounds */,
			);
			path = Hamba;
			sourceTree = "<group>";
		};
		271C8F5E27C27BC8004BCD02 /* Preview Content */ = {
			isa = PBXGroup;
			children = (
				271C8F5F27C27BC8004BCD02 /* Preview Assets.xcassets */,
				277CA04528DBD98000A397B6 /* Assets.xcassets */,
			);
			path = "Preview Content";
			sourceTree = "<group>";
		};
		271C8F6827C27BC8004BCD02 /* HambaTests */ = {
			isa = PBXGroup;
			children = (
				271C8F6927C27BC8004BCD02 /* HambaTests.swift */,
			);
			path = HambaTests;
			sourceTree = "<group>";
		};
		271C8F7227C27BC8004BCD02 /* HambaUITests */ = {
			isa = PBXGroup;
			children = (
				271C8F7327C27BC8004BCD02 /* HambaUITests.swift */,
				271C8F7527C27BC8004BCD02 /* HambaUITestsLaunchTests.swift */,
			);
			path = HambaUITests;
			sourceTree = "<group>";
		};
		277CA79F28B9FD7500893757 /* View */ = {
			isa = PBXGroup;
			children = (
				271C8F5A27C27BC7004BCD02 /* ContentView.swift */,
				45E81D9E2B7E39B2008008F5 /* MapView */,
				270AD9E62973E4B00090F555 /* SplashView.swift */,
			);
			path = View;
			sourceTree = "<group>";
		};
		277CA7A028B9FD8900893757 /* Model */ = {
			isa = PBXGroup;
			children = (
				277CA7A128B9FE6C00893757 /* modelForSpots.swift */,
			);
			path = Model;
			sourceTree = "<group>";
		};
		277CA7A328B9FF0A00893757 /* ViewModel */ = {
			isa = PBXGroup;
			children = (
				2756DFD227D8DEDD00A2DD98 /* MapViewModel.swift */,
			);
			path = ViewModel;
			sourceTree = "<group>";
		};
		27EEAAE72A025F16005779C1 /* Helpers */ = {
			isa = PBXGroup;
			children = (
				27EEAAE52A025F12005779C1 /* playSound.swift */,
			);
			path = Helpers;
			sourceTree = "<group>";
		};
		27EEAAE82A026191005779C1 /* Sounds */ = {
			isa = PBXGroup;
			children = (
				27EEAAE92A0261A8005779C1 /* focus-loop-corporate-music-114297.mp3 */,
			);
			path = Sounds;
			sourceTree = "<group>";
		};
		45E81D9E2B7E39B2008008F5 /* MapView */ = {
			isa = PBXGroup;
			children = (
				45E81D9F2B7E39C2008008F5 /* MapView.swift */,
				277E01E12A3C79460014E325 /* mainNavBar.swift */,
				45E81DA12B7E3A1B008008F5 /* mainMap.swift */,
				45E81DA62B7E4077008008F5 /* mapStyleButton.swift */,
			);
			path = MapView;
			sourceTree = "<group>";
		};
		45E81DA32B7E3A62008008F5 /* Extensions */ = {
			isa = PBXGroup;
			children = (
				45E81DA42B7E3A9E008008F5 /* View+Navigation.swift */,
			);
			path = Extensions;
			sourceTree = "<group>";
		};
/* End PBXGroup section */

/* Begin PBXNativeTarget section */
		271C8F5427C27BC7004BCD02 /* Hamba */ = {
			isa = PBXNativeTarget;
			buildConfigurationList = 271C8F7927C27BC8004BCD02 /* Build configuration list for PBXNativeTarget "Hamba" */;
			buildPhases = (
				271C8F5127C27BC7004BCD02 /* Sources */,
				271C8F5227C27BC7004BCD02 /* Frameworks */,
				271C8F5327C27BC7004BCD02 /* Resources */,
			);
			buildRules = (
			);
			dependencies = (
			);
			name = Hamba;
			productName = Hamba;
			productReference = 271C8F5527C27BC7004BCD02 /* Hamba.app */;
			productType = "com.apple.product-type.application";
		};
		271C8F6427C27BC8004BCD02 /* HambaTests */ = {
			isa = PBXNativeTarget;
			buildConfigurationList = 271C8F7C27C27BC8004BCD02 /* Build configuration list for PBXNativeTarget "HambaTests" */;
			buildPhases = (
				271C8F6127C27BC8004BCD02 /* Sources */,
				271C8F6227C27BC8004BCD02 /* Frameworks */,
				271C8F6327C27BC8004BCD02 /* Resources */,
			);
			buildRules = (
			);
			dependencies = (
				271C8F6727C27BC8004BCD02 /* PBXTargetDependency */,
			);
			name = HambaTests;
			productName = HambaTests;
			productReference = 271C8F6527C27BC8004BCD02 /* HambaTests.xctest */;
			productType = "com.apple.product-type.bundle.unit-test";
		};
		271C8F6E27C27BC8004BCD02 /* HambaUITests */ = {
			isa = PBXNativeTarget;
			buildConfigurationList = 271C8F7F27C27BC8004BCD02 /* Build configuration list for PBXNativeTarget "HambaUITests" */;
			buildPhases = (
				271C8F6B27C27BC8004BCD02 /* Sources */,
				271C8F6C27C27BC8004BCD02 /* Frameworks */,
				271C8F6D27C27BC8004BCD02 /* Resources */,
			);
			buildRules = (
			);
			dependencies = (
				271C8F7127C27BC8004BCD02 /* PBXTargetDependency */,
			);
			name = HambaUITests;
			productName = HambaUITests;
			productReference = 271C8F6F27C27BC8004BCD02 /* HambaUITests.xctest */;
			productType = "com.apple.product-type.bundle.ui-testing";
		};
/* End PBXNativeTarget section */

/* Begin PBXProject section */
		271C8F4D27C27BC7004BCD02 /* Project object */ = {
			isa = PBXProject;
			attributes = {
				BuildIndependentTargetsInParallel = 1;
				LastSwiftUpdateCheck = 1320;
				LastUpgradeCheck = 1500;
				TargetAttributes = {
					271C8F5427C27BC7004BCD02 = {
						CreatedOnToolsVersion = 13.2.1;
					};
					271C8F6427C27BC8004BCD02 = {
						CreatedOnToolsVersion = 13.2.1;
						TestTargetID = 271C8F5427C27BC7004BCD02;
					};
					271C8F6E27C27BC8004BCD02 = {
						CreatedOnToolsVersion = 13.2.1;
						TestTargetID = 271C8F5427C27BC7004BCD02;
					};
				};
			};
			buildConfigurationList = 271C8F5027C27BC7004BCD02 /* Build configuration list for PBXProject "Hamba" */;
			compatibilityVersion = "Xcode 13.0";
			developmentRegion = en;
			hasScannedForEncodings = 0;
			knownRegions = (
				en,
				Base,
			);
			mainGroup = 271C8F4C27C27BC7004BCD02;
			productRefGroup = 271C8F5627C27BC7004BCD02 /* Products */;
			projectDirPath = "";
			projectRoot = "";
			targets = (
				271C8F5427C27BC7004BCD02 /* Hamba */,
				271C8F6427C27BC8004BCD02 /* HambaTests */,
				271C8F6E27C27BC8004BCD02 /* HambaUITests */,
			);
		};
/* End PBXProject section */

/* Begin PBXResourcesBuildPhase section */
		271C8F5327C27BC7004BCD02 /* Resources */ = {
			isa = PBXResourcesBuildPhase;
			buildActionMask = 2147483647;
			files = (
				277CA04628DBD98100A397B6 /* Assets.xcassets in Resources */,
				271C8F6027C27BC8004BCD02 /* Preview Assets.xcassets in Resources */,
				27EEAAEA2A0261A8005779C1 /* focus-loop-corporate-music-114297.mp3 in Resources */,
			);
			runOnlyForDeploymentPostprocessing = 0;
		};
		271C8F6327C27BC8004BCD02 /* Resources */ = {
			isa = PBXResourcesBuildPhase;
			buildActionMask = 2147483647;
			files = (
			);
			runOnlyForDeploymentPostprocessing = 0;
		};
		271C8F6D27C27BC8004BCD02 /* Resources */ = {
			isa = PBXResourcesBuildPhase;
			buildActionMask = 2147483647;
			files = (
			);
			runOnlyForDeploymentPostprocessing = 0;
		};
/* End PBXResourcesBuildPhase section */

/* Begin PBXSourcesBuildPhase section */
		271C8F5127C27BC7004BCD02 /* Sources */ = {
			isa = PBXSourcesBuildPhase;
			buildActionMask = 2147483647;
			files = (
				271C8F5B27C27BC7004BCD02 /* ContentView.swift in Sources */,
				45E81DA02B7E39C2008008F5 /* MapView.swift in Sources */,
				27EEAAE62A025F12005779C1 /* playSound.swift in Sources */,
				45E81DA22B7E3A1B008008F5 /* mainMap.swift in Sources */,
				271C8F5927C27BC7004BCD02 /* HambaApp.swift in Sources */,
				270AD9E72973E4B00090F555 /* SplashView.swift in Sources */,
				45E81DA52B7E3A9E008008F5 /* View+Navigation.swift in Sources */,
				45E81DA72B7E4077008008F5 /* mapStyleButton.swift in Sources */,
				277E01E22A3C79460014E325 /* mainNavBar.swift in Sources */,
				2756DFD327D8DEDD00A2DD98 /* MapViewModel.swift in Sources */,
				277CA7A228B9FE6C00893757 /* modelForSpots.swift in Sources */,
			);
			runOnlyForDeploymentPostprocessing = 0;
		};
		271C8F6127C27BC8004BCD02 /* Sources */ = {
			isa = PBXSourcesBuildPhase;
			buildActionMask = 2147483647;
			files = (
				271C8F6A27C27BC8004BCD02 /* HambaTests.swift in Sources */,
			);
			runOnlyForDeploymentPostprocessing = 0;
		};
		271C8F6B27C27BC8004BCD02 /* Sources */ = {
			isa = PBXSourcesBuildPhase;
			buildActionMask = 2147483647;
			files = (
				271C8F7627C27BC8004BCD02 /* HambaUITestsLaunchTests.swift in Sources */,
				271C8F7427C27BC8004BCD02 /* HambaUITests.swift in Sources */,
			);
			runOnlyForDeploymentPostprocessing = 0;
		};
/* End PBXSourcesBuildPhase section */

/* Begin PBXTargetDependency section */
		271C8F6727C27BC8004BCD02 /* PBXTargetDependency */ = {
			isa = PBXTargetDependency;
			target = 271C8F5427C27BC7004BCD02 /* Hamba */;
			targetProxy = 271C8F6627C27BC8004BCD02 /* PBXContainerItemProxy */;
		};
		271C8F7127C27BC8004BCD02 /* PBXTargetDependency */ = {
			isa = PBXTargetDependency;
			target = 271C8F5427C27BC7004BCD02 /* Hamba */;
			targetProxy = 271C8F7027C27BC8004BCD02 /* PBXContainerItemProxy */;
		};
/* End PBXTargetDependency section */

/* Begin XCBuildConfiguration section */
		271C8F7727C27BC8004BCD02 /* Debug */ = {
			isa = XCBuildConfiguration;
			buildSettings = {
				ALWAYS_SEARCH_USER_PATHS = NO;
				CLANG_ANALYZER_NONNULL = YES;
				CLANG_ANALYZER_NUMBER_OBJECT_CONVERSION = YES_AGGRESSIVE;
				CLANG_CXX_LANGUAGE_STANDARD = "gnu++17";
				CLANG_CXX_LIBRARY = "libc++";
				CLANG_ENABLE_MODULES = YES;
				CLANG_ENABLE_OBJC_ARC = YES;
				CLANG_ENABLE_OBJC_WEAK = YES;
				CLANG_WARN_BLOCK_CAPTURE_AUTORELEASING = YES;
				CLANG_WARN_BOOL_CONVERSION = YES;
				CLANG_WARN_COMMA = YES;
				CLANG_WARN_CONSTANT_CONVERSION = YES;
				CLANG_WARN_DEPRECATED_OBJC_IMPLEMENTATIONS = YES;
				CLANG_WARN_DIRECT_OBJC_ISA_USAGE = YES_ERROR;
				CLANG_WARN_DOCUMENTATION_COMMENTS = YES;
				CLANG_WARN_EMPTY_BODY = YES;
				CLANG_WARN_ENUM_CONVERSION = YES;
				CLANG_WARN_INFINITE_RECURSION = YES;
				CLANG_WARN_INT_CONVERSION = YES;
				CLANG_WARN_NON_LITERAL_NULL_CONVERSION = YES;
				CLANG_WARN_OBJC_IMPLICIT_RETAIN_SELF = YES;
				CLANG_WARN_OBJC_LITERAL_CONVERSION = YES;
				CLANG_WARN_OBJC_ROOT_CLASS = YES_ERROR;
				CLANG_WARN_QUOTED_INCLUDE_IN_FRAMEWORK_HEADER = YES;
				CLANG_WARN_RANGE_LOOP_ANALYSIS = YES;
				CLANG_WARN_STRICT_PROTOTYPES = YES;
				CLANG_WARN_SUSPICIOUS_MOVE = YES;
				CLANG_WARN_UNGUARDED_AVAILABILITY = YES_AGGRESSIVE;
				CLANG_WARN_UNREACHABLE_CODE = YES;
				CLANG_WARN__DUPLICATE_METHOD_MATCH = YES;
				COPY_PHASE_STRIP = NO;
				DEBUG_INFORMATION_FORMAT = dwarf;
				ENABLE_STRICT_OBJC_MSGSEND = YES;
				ENABLE_TESTABILITY = YES;
				ENABLE_USER_SCRIPT_SANDBOXING = YES;
				GCC_C_LANGUAGE_STANDARD = gnu11;
				GCC_DYNAMIC_NO_PIC = NO;
				GCC_NO_COMMON_BLOCKS = YES;
				GCC_OPTIMIZATION_LEVEL = 0;
				GCC_PREPROCESSOR_DEFINITIONS = (
					"DEBUG=1",
					"$(inherited)",
				);
				GCC_WARN_64_TO_32_BIT_CONVERSION = YES;
				GCC_WARN_ABOUT_RETURN_TYPE = YES_ERROR;
				GCC_WARN_UNDECLARED_SELECTOR = YES;
				GCC_WARN_UNINITIALIZED_AUTOS = YES_AGGRESSIVE;
				GCC_WARN_UNUSED_FUNCTION = YES;
				GCC_WARN_UNUSED_VARIABLE = YES;
				IPHONEOS_DEPLOYMENT_TARGET = 15.2;
				MTL_ENABLE_DEBUG_INFO = INCLUDE_SOURCE;
				MTL_FAST_MATH = YES;
				ONLY_ACTIVE_ARCH = YES;
				SDKROOT = iphoneos;
				SWIFT_ACTIVE_COMPILATION_CONDITIONS = DEBUG;
				SWIFT_OPTIMIZATION_LEVEL = "-Onone";
			};
			name = Debug;
		};
		271C8F7827C27BC8004BCD02 /* Release */ = {
			isa = XCBuildConfiguration;
			buildSettings = {
				ALWAYS_SEARCH_USER_PATHS = NO;
				CLANG_ANALYZER_NONNULL = YES;
				CLANG_ANALYZER_NUMBER_OBJECT_CONVERSION = YES_AGGRESSIVE;
				CLANG_CXX_LANGUAGE_STANDARD = "gnu++17";
				CLANG_CXX_LIBRARY = "libc++";
				CLANG_ENABLE_MODULES = YES;
				CLANG_ENABLE_OBJC_ARC = YES;
				CLANG_ENABLE_OBJC_WEAK = YES;
				CLANG_WARN_BLOCK_CAPTURE_AUTORELEASING = YES;
				CLANG_WARN_BOOL_CONVERSION = YES;
				CLANG_WARN_COMMA = YES;
				CLANG_WARN_CONSTANT_CONVERSION = YES;
				CLANG_WARN_DEPRECATED_OBJC_IMPLEMENTATIONS = YES;
				CLANG_WARN_DIRECT_OBJC_ISA_USAGE = YES_ERROR;
				CLANG_WARN_DOCUMENTATION_COMMENTS = YES;
				CLANG_WARN_EMPTY_BODY = YES;
				CLANG_WARN_ENUM_CONVERSION = YES;
				CLANG_WARN_INFINITE_RECURSION = YES;
				CLANG_WARN_INT_CONVERSION = YES;
				CLANG_WARN_NON_LITERAL_NULL_CONVERSION = YES;
				CLANG_WARN_OBJC_IMPLICIT_RETAIN_SELF = YES;
				CLANG_WARN_OBJC_LITERAL_CONVERSION = YES;
				CLANG_WARN_OBJC_ROOT_CLASS = YES_ERROR;
				CLANG_WARN_QUOTED_INCLUDE_IN_FRAMEWORK_HEADER = YES;
				CLANG_WARN_RANGE_LOOP_ANALYSIS = YES;
				CLANG_WARN_STRICT_PROTOTYPES = YES;
				CLANG_WARN_SUSPICIOUS_MOVE = YES;
				CLANG_WARN_UNGUARDED_AVAILABILITY = YES_AGGRESSIVE;
				CLANG_WARN_UNREACHABLE_CODE = YES;
				CLANG_WARN__DUPLICATE_METHOD_MATCH = YES;
				COPY_PHASE_STRIP = NO;
				DEBUG_INFORMATION_FORMAT = "dwarf-with-dsym";
				ENABLE_NS_ASSERTIONS = NO;
				ENABLE_STRICT_OBJC_MSGSEND = YES;
				ENABLE_USER_SCRIPT_SANDBOXING = YES;
				GCC_C_LANGUAGE_STANDARD = gnu11;
				GCC_NO_COMMON_BLOCKS = YES;
				GCC_WARN_64_TO_32_BIT_CONVERSION = YES;
				GCC_WARN_ABOUT_RETURN_TYPE = YES_ERROR;
				GCC_WARN_UNDECLARED_SELECTOR = YES;
				GCC_WARN_UNINITIALIZED_AUTOS = YES_AGGRESSIVE;
				GCC_WARN_UNUSED_FUNCTION = YES;
				GCC_WARN_UNUSED_VARIABLE = YES;
				IPHONEOS_DEPLOYMENT_TARGET = 15.2;
				MTL_ENABLE_DEBUG_INFO = NO;
				MTL_FAST_MATH = YES;
				SDKROOT = iphoneos;
				SWIFT_COMPILATION_MODE = wholemodule;
				SWIFT_OPTIMIZATION_LEVEL = "-O";
				VALIDATE_PRODUCT = YES;
			};
			name = Release;
		};
		271C8F7A27C27BC8004BCD02 /* Debug */ = {
			isa = XCBuildConfiguration;
			buildSettings = {
				ASSETCATALOG_COMPILER_APPICON_NAME = AppIcon;
				ASSETCATALOG_COMPILER_GLOBAL_ACCENT_COLOR_NAME = AccentColor;
				CODE_SIGN_ENTITLEMENTS = Hamba/Hamba.entitlements;
				CODE_SIGN_STYLE = Automatic;
				CURRENT_PROJECT_VERSION = 2;
				DEVELOPMENT_ASSET_PATHS = "\"Hamba/Preview Content\"";
				DEVELOPMENT_TEAM = WA6Z8H4MD6;
				ENABLE_PREVIEWS = YES;
				GENERATE_INFOPLIST_FILE = YES;
				INFOPLIST_FILE = Hamba/Info.plist;
				INFOPLIST_KEY_NSLocationWhenInUseUsageDescription = "This app needs your locaiton to show you on the Map";
				INFOPLIST_KEY_UIApplicationSceneManifest_Generation = YES;
				INFOPLIST_KEY_UIApplicationSupportsIndirectInputEvents = YES;
				INFOPLIST_KEY_UILaunchScreen_Generation = YES;
				INFOPLIST_KEY_UISupportedInterfaceOrientations_iPad = "UIInterfaceOrientationPortrait UIInterfaceOrientationPortraitUpsideDown UIInterfaceOrientationLandscapeLeft UIInterfaceOrientationLandscapeRight";
				INFOPLIST_KEY_UISupportedInterfaceOrientations_iPhone = "UIInterfaceOrientationPortrait UIInterfaceOrientationLandscapeLeft UIInterfaceOrientationLandscapeRight";
				IPHONEOS_DEPLOYMENT_TARGET = 17.0;
				LD_RUNPATH_SEARCH_PATHS = (
					"$(inherited)",
					"@executable_path/Frameworks",
				);
				MARKETING_VERSION = 1.0.1;
				PRODUCT_BUNDLE_IDENTIFIER = co.za.buddyproductions.hamba;
				PRODUCT_NAME = "$(TARGET_NAME)";
				SUPPORTED_PLATFORMS = "iphoneos iphonesimulator";
				SUPPORTS_MACCATALYST = YES;
				SUPPORTS_MAC_DESIGNED_FOR_IPHONE_IPAD = YES;
				SWIFT_EMIT_LOC_STRINGS = YES;
				SWIFT_VERSION = 5.0;
				TARGETED_DEVICE_FAMILY = "1,2";
			};
			name = Debug;
		};
		271C8F7B27C27BC8004BCD02 /* Release */ = {
			isa = XCBuildConfiguration;
			buildSettings = {
				ASSETCATALOG_COMPILER_APPICON_NAME = AppIcon;
				ASSETCATALOG_COMPILER_GLOBAL_ACCENT_COLOR_NAME = AccentColor;
				CODE_SIGN_ENTITLEMENTS = Hamba/Hamba.entitlements;
				CODE_SIGN_STYLE = Automatic;
				CURRENT_PROJECT_VERSION = 2;
				DEVELOPMENT_ASSET_PATHS = "\"Hamba/Preview Content\"";
				DEVELOPMENT_TEAM = WA6Z8H4MD6;
				ENABLE_PREVIEWS = YES;
				GENERATE_INFOPLIST_FILE = YES;
				INFOPLIST_FILE = Hamba/Info.plist;
				INFOPLIST_KEY_NSLocationWhenInUseUsageDescription = "This app needs your locaiton to show you on the Map";
				INFOPLIST_KEY_UIApplicationSceneManifest_Generation = YES;
				INFOPLIST_KEY_UIApplicationSupportsIndirectInputEvents = YES;
				INFOPLIST_KEY_UILaunchScreen_Generation = YES;
				INFOPLIST_KEY_UISupportedInterfaceOrientations_iPad = "UIInterfaceOrientationPortrait UIInterfaceOrientationPortraitUpsideDown UIInterfaceOrientationLandscapeLeft UIInterfaceOrientationLandscapeRight";
				INFOPLIST_KEY_UISupportedInterfaceOrientations_iPhone = "UIInterfaceOrientationPortrait UIInterfaceOrientationLandscapeLeft UIInterfaceOrientationLandscapeRight";
				IPHONEOS_DEPLOYMENT_TARGET = 17.0;
				LD_RUNPATH_SEARCH_PATHS = (
					"$(inherited)",
					"@executable_path/Frameworks",
				);
				MARKETING_VERSION = 1.0.1;
				PRODUCT_BUNDLE_IDENTIFIER = co.za.buddyproductions.hamba;
				PRODUCT_NAME = "$(TARGET_NAME)";
				SUPPORTED_PLATFORMS = "iphoneos iphonesimulator";
				SUPPORTS_MACCATALYST = YES;
				SUPPORTS_MAC_DESIGNED_FOR_IPHONE_IPAD = YES;
				SWIFT_EMIT_LOC_STRINGS = YES;
				SWIFT_VERSION = 5.0;
				TARGETED_DEVICE_FAMILY = "1,2";
			};
			name = Release;
		};
		271C8F7D27C27BC8004BCD02 /* Debug */ = {
			isa = XCBuildConfiguration;
			buildSettings = {
				ALWAYS_EMBED_SWIFT_STANDARD_LIBRARIES = YES;
				BUNDLE_LOADER = "$(TEST_HOST)";
				CODE_SIGN_STYLE = Automatic;
				CURRENT_PROJECT_VERSION = 1;
				DEVELOPMENT_TEAM = 2TTZ43SF89;
				GENERATE_INFOPLIST_FILE = YES;
				IPHONEOS_DEPLOYMENT_TARGET = 15.2;
				MARKETING_VERSION = 1.0;
				PRODUCT_BUNDLE_IDENTIFIER = co.za.buddyproductions.HambaTests;
				PRODUCT_NAME = "$(TARGET_NAME)";
				SWIFT_EMIT_LOC_STRINGS = NO;
				SWIFT_VERSION = 5.0;
				TARGETED_DEVICE_FAMILY = "1,2";
				TEST_HOST = "$(BUILT_PRODUCTS_DIR)/Hamba.app/Hamba";
			};
			name = Debug;
		};
		271C8F7E27C27BC8004BCD02 /* Release */ = {
			isa = XCBuildConfiguration;
			buildSettings = {
				ALWAYS_EMBED_SWIFT_STANDARD_LIBRARIES = YES;
				BUNDLE_LOADER = "$(TEST_HOST)";
				CODE_SIGN_STYLE = Automatic;
				CURRENT_PROJECT_VERSION = 1;
				DEVELOPMENT_TEAM = 2TTZ43SF89;
				GENERATE_INFOPLIST_FILE = YES;
				IPHONEOS_DEPLOYMENT_TARGET = 15.2;
				MARKETING_VERSION = 1.0;
				PRODUCT_BUNDLE_IDENTIFIER = co.za.buddyproductions.HambaTests;
				PRODUCT_NAME = "$(TARGET_NAME)";
				SWIFT_EMIT_LOC_STRINGS = NO;
				SWIFT_VERSION = 5.0;
				TARGETED_DEVICE_FAMILY = "1,2";
				TEST_HOST = "$(BUILT_PRODUCTS_DIR)/Hamba.app/Hamba";
			};
			name = Release;
		};
		271C8F8027C27BC8004BCD02 /* Debug */ = {
			isa = XCBuildConfiguration;
			buildSettings = {
				ALWAYS_EMBED_SWIFT_STANDARD_LIBRARIES = YES;
				CODE_SIGN_STYLE = Automatic;
				CURRENT_PROJECT_VERSION = 1;
				DEVELOPMENT_TEAM = 2TTZ43SF89;
				GENERATE_INFOPLIST_FILE = YES;
				MARKETING_VERSION = 1.0;
				PRODUCT_BUNDLE_IDENTIFIER = co.za.buddyproductions.HambaUITests;
				PRODUCT_NAME = "$(TARGET_NAME)";
				SWIFT_EMIT_LOC_STRINGS = NO;
				SWIFT_VERSION = 5.0;
				TARGETED_DEVICE_FAMILY = "1,2";
				TEST_TARGET_NAME = Hamba;
			};
			name = Debug;
		};
		271C8F8127C27BC8004BCD02 /* Release */ = {
			isa = XCBuildConfiguration;
			buildSettings = {
				ALWAYS_EMBED_SWIFT_STANDARD_LIBRARIES = YES;
				CODE_SIGN_STYLE = Automatic;
				CURRENT_PROJECT_VERSION = 1;
				DEVELOPMENT_TEAM = 2TTZ43SF89;
				GENERATE_INFOPLIST_FILE = YES;
				MARKETING_VERSION = 1.0;
				PRODUCT_BUNDLE_IDENTIFIER = co.za.buddyproductions.HambaUITests;
				PRODUCT_NAME = "$(TARGET_NAME)";
				SWIFT_EMIT_LOC_STRINGS = NO;
				SWIFT_VERSION = 5.0;
				TARGETED_DEVICE_FAMILY = "1,2";
				TEST_TARGET_NAME = Hamba;
			};
			name = Release;
		};
/* End XCBuildConfiguration section */

/* Begin XCConfigurationList section */
		271C8F5027C27BC7004BCD02 /* Build configuration list for PBXProject "Hamba" */ = {
			isa = XCConfigurationList;
			buildConfigurations = (
				271C8F7727C27BC8004BCD02 /* Debug */,
				271C8F7827C27BC8004BCD02 /* Release */,
			);
			defaultConfigurationIsVisible = 0;
			defaultConfigurationName = Release;
		};
		271C8F7927C27BC8004BCD02 /* Build configuration list for PBXNativeTarget "Hamba" */ = {
			isa = XCConfigurationList;
			buildConfigurations = (
				271C8F7A27C27BC8004BCD02 /* Debug */,
				271C8F7B27C27BC8004BCD02 /* Release */,
			);
			defaultConfigurationIsVisible = 0;
			defaultConfigurationName = Release;
		};
		271C8F7C27C27BC8004BCD02 /* Build configuration list for PBXNativeTarget "HambaTests" */ = {
			isa = XCConfigurationList;
			buildConfigurations = (
				271C8F7D27C27BC8004BCD02 /* Debug */,
				271C8F7E27C27BC8004BCD02 /* Release */,
			);
			defaultConfigurationIsVisible = 0;
			defaultConfigurationName = Release;
		};
		271C8F7F27C27BC8004BCD02 /* Build configuration list for PBXNativeTarget "HambaUITests" */ = {
			isa = XCConfigurationList;
			buildConfigurations = (
				271C8F8027C27BC8004BCD02 /* Debug */,
				271C8F8127C27BC8004BCD02 /* Release */,
			);
			defaultConfigurationIsVisible = 0;
			defaultConfigurationName = Release;
		};
/* End XCConfigurationList section */
	};
	rootObject = 271C8F4D27C27BC7004BCD02 /* Project object */;
}
